// !$*UTF8*$!
{
	archiveVersion = 1;
	classes = {
	};
	objectVersion = 51;
	objects = {

/* Begin PBXBuildFile section */
		AC9B597360F65093E334AA1A /* Pods_objcPDF.framework in Frameworks */ = {isa = PBXBuildFile; fileRef = 8E57DCD9CD4E6692623D1D96 /* Pods_objcPDF.framework */; };
		F62AFCEB269C2294003DB7B0 /* AppDelegate.m in Sources */ = {isa = PBXBuildFile; fileRef = F62AFCEA269C2294003DB7B0 /* AppDelegate.m */; };
		F62AFCEE269C2294003DB7B0 /* SceneDelegate.m in Sources */ = {isa = PBXBuildFile; fileRef = F62AFCED269C2294003DB7B0 /* SceneDelegate.m */; };
		F62AFCF1269C2294003DB7B0 /* EntryListVC.m in Sources */ = {isa = PBXBuildFile; fileRef = F62AFCF0269C2294003DB7B0 /* EntryListVC.m */; };
		F62AFCF6269C2295003DB7B0 /* Assets.xcassets in Resources */ = {isa = PBXBuildFile; fileRef = F62AFCF5269C2295003DB7B0 /* Assets.xcassets */; };
		F62AFCF9269C2295003DB7B0 /* LaunchScreen.storyboard in Resources */ = {isa = PBXBuildFile; fileRef = F62AFCF7269C2295003DB7B0 /* LaunchScreen.storyboard */; };
		F62AFCFC269C2295003DB7B0 /* main.m in Sources */ = {isa = PBXBuildFile; fileRef = F62AFCFB269C2295003DB7B0 /* main.m */; };
		F62AFD05269C2CA6003DB7B0 /* Entry.m in Sources */ = {isa = PBXBuildFile; fileRef = F62AFD04269C2CA6003DB7B0 /* Entry.m */; };
		F62AFD09269C2DCF003DB7B0 /* EntryNode.m in Sources */ = {isa = PBXBuildFile; fileRef = F62AFD08269C2DCF003DB7B0 /* EntryNode.m */; };
		F62AFD0C269C3AFA003DB7B0 /* DataFetcher.m in Sources */ = {isa = PBXBuildFile; fileRef = F62AFD0B269C3AFA003DB7B0 /* DataFetcher.m */; };
		F66113E4269D77820058377B /* TableViewCell.m in Sources */ = {isa = PBXBuildFile; fileRef = F66113E3269D77820058377B /* TableViewCell.m */; };
		F66113E8269D88C80058377B /* CollectionViewCell.m in Sources */ = {isa = PBXBuildFile; fileRef = F66113E7269D88C80058377B /* CollectionViewCell.m */; };
/* End PBXBuildFile section */

/* Begin PBXFileReference section */
		6591B54AC26CEC8A0463FB6B /* Pods-objcPDF.release.xcconfig */ = {isa = PBXFileReference; includeInIndex = 1; lastKnownFileType = text.xcconfig; name = "Pods-objcPDF.release.xcconfig"; path = "Target Support Files/Pods-objcPDF/Pods-objcPDF.release.xcconfig"; sourceTree = "<group>"; };
		8E57DCD9CD4E6692623D1D96 /* Pods_objcPDF.framework */ = {isa = PBXFileReference; explicitFileType = wrapper.framework; includeInIndex = 0; path = Pods_objcPDF.framework; sourceTree = BUILT_PRODUCTS_DIR; };
		A1C86FBBE36F0FBFC5588722 /* Pods-objcPDF.debug.xcconfig */ = {isa = PBXFileReference; includeInIndex = 1; lastKnownFileType = text.xcconfig; name = "Pods-objcPDF.debug.xcconfig"; path = "Target Support Files/Pods-objcPDF/Pods-objcPDF.debug.xcconfig"; sourceTree = "<group>"; };
		F62AFCE6269C2294003DB7B0 /* objcPDF.app */ = {isa = PBXFileReference; explicitFileType = wrapper.application; includeInIndex = 0; path = objcPDF.app; sourceTree = BUILT_PRODUCTS_DIR; };
		F62AFCE9269C2294003DB7B0 /* AppDelegate.h */ = {isa = PBXFileReference; lastKnownFileType = sourcecode.c.h; path = AppDelegate.h; sourceTree = "<group>"; };
		F62AFCEA269C2294003DB7B0 /* AppDelegate.m */ = {isa = PBXFileReference; lastKnownFileType = sourcecode.c.objc; path = AppDelegate.m; sourceTree = "<group>"; };
		F62AFCEC269C2294003DB7B0 /* SceneDelegate.h */ = {isa = PBXFileReference; lastKnownFileType = sourcecode.c.h; path = SceneDelegate.h; sourceTree = "<group>"; };
		F62AFCED269C2294003DB7B0 /* SceneDelegate.m */ = {isa = PBXFileReference; lastKnownFileType = sourcecode.c.objc; path = SceneDelegate.m; sourceTree = "<group>"; };
		F62AFCEF269C2294003DB7B0 /* EntryListVC.h */ = {isa = PBXFileReference; lastKnownFileType = sourcecode.c.h; path = EntryListVC.h; sourceTree = "<group>"; };
		F62AFCF0269C2294003DB7B0 /* EntryListVC.m */ = {isa = PBXFileReference; lastKnownFileType = sourcecode.c.objc; path = EntryListVC.m; sourceTree = "<group>"; };
		F62AFCF5269C2295003DB7B0 /* Assets.xcassets */ = {isa = PBXFileReference; lastKnownFileType = folder.assetcatalog; path = Assets.xcassets; sourceTree = "<group>"; };
		F62AFCF8269C2295003DB7B0 /* Base */ = {isa = PBXFileReference; lastKnownFileType = file.storyboard; name = Base; path = Base.lproj/LaunchScreen.storyboard; sourceTree = "<group>"; };
		F62AFCFA269C2295003DB7B0 /* Info.plist */ = {isa = PBXFileReference; lastKnownFileType = text.plist.xml; path = Info.plist; sourceTree = "<group>"; };
		F62AFCFB269C2295003DB7B0 /* main.m */ = {isa = PBXFileReference; lastKnownFileType = sourcecode.c.objc; path = main.m; sourceTree = "<group>"; };
		F62AFD03269C2CA6003DB7B0 /* Entry.h */ = {isa = PBXFileReference; lastKnownFileType = sourcecode.c.h; path = Entry.h; sourceTree = "<group>"; };
		F62AFD04269C2CA6003DB7B0 /* Entry.m */ = {isa = PBXFileReference; lastKnownFileType = sourcecode.c.objc; path = Entry.m; sourceTree = "<group>"; };
		F62AFD07269C2DCF003DB7B0 /* EntryNode.h */ = {isa = PBXFileReference; lastKnownFileType = sourcecode.c.h; path = EntryNode.h; sourceTree = "<group>"; };
		F62AFD08269C2DCF003DB7B0 /* EntryNode.m */ = {isa = PBXFileReference; lastKnownFileType = sourcecode.c.objc; path = EntryNode.m; sourceTree = "<group>"; };
		F62AFD0A269C3AFA003DB7B0 /* DataFetcher.h */ = {isa = PBXFileReference; lastKnownFileType = sourcecode.c.h; path = DataFetcher.h; sourceTree = "<group>"; };
		F62AFD0B269C3AFA003DB7B0 /* DataFetcher.m */ = {isa = PBXFileReference; lastKnownFileType = sourcecode.c.objc; path = DataFetcher.m; sourceTree = "<group>"; };
		F66113E2269D77820058377B /* TableViewCell.h */ = {isa = PBXFileReference; lastKnownFileType = sourcecode.c.h; path = TableViewCell.h; sourceTree = "<group>"; };
		F66113E3269D77820058377B /* TableViewCell.m */ = {isa = PBXFileReference; lastKnownFileType = sourcecode.c.objc; path = TableViewCell.m; sourceTree = "<group>"; };
		F66113E6269D88C80058377B /* CollectionViewCell.h */ = {isa = PBXFileReference; lastKnownFileType = sourcecode.c.h; path = CollectionViewCell.h; sourceTree = "<group>"; };
		F66113E7269D88C80058377B /* CollectionViewCell.m */ = {isa = PBXFileReference; lastKnownFileType = sourcecode.c.objc; path = CollectionViewCell.m; sourceTree = "<group>"; };
/* End PBXFileReference section */

/* Begin PBXFrameworksBuildPhase section */
		F62AFCE3269C2294003DB7B0 /* Frameworks */ = {
			isa = PBXFrameworksBuildPhase;
			buildActionMask = 2147483647;
			files = (
				AC9B597360F65093E334AA1A /* Pods_objcPDF.framework in Frameworks */,
			);
			runOnlyForDeploymentPostprocessing = 0;
		};
/* End PBXFrameworksBuildPhase section */

/* Begin PBXGroup section */
		0B924C1585F2C3900842AB21 /* Pods */ = {
			isa = PBXGroup;
			children = (
				A1C86FBBE36F0FBFC5588722 /* Pods-objcPDF.debug.xcconfig */,
				6591B54AC26CEC8A0463FB6B /* Pods-objcPDF.release.xcconfig */,
			);
			path = Pods;
			sourceTree = "<group>";
		};
		F1D0A2046AE61D3B5C6ED668 /* Frameworks */ = {
			isa = PBXGroup;
			children = (
				8E57DCD9CD4E6692623D1D96 /* Pods_objcPDF.framework */,
			);
			name = Frameworks;
			sourceTree = "<group>";
		};
		F62AFCDD269C2294003DB7B0 = {
			isa = PBXGroup;
			children = (
				F62AFCE8269C2294003DB7B0 /* objcPDF */,
				F62AFCE7269C2294003DB7B0 /* Products */,
				0B924C1585F2C3900842AB21 /* Pods */,
				F1D0A2046AE61D3B5C6ED668 /* Frameworks */,
			);
			sourceTree = "<group>";
		};
		F62AFCE7269C2294003DB7B0 /* Products */ = {
			isa = PBXGroup;
			children = (
				F62AFCE6269C2294003DB7B0 /* objcPDF.app */,
			);
			name = Products;
			sourceTree = "<group>";
		};
		F62AFCE8269C2294003DB7B0 /* objcPDF */ = {
			isa = PBXGroup;
			children = (
				F62AFCE9269C2294003DB7B0 /* AppDelegate.h */,
				F62AFCEA269C2294003DB7B0 /* AppDelegate.m */,
				F62AFCEC269C2294003DB7B0 /* SceneDelegate.h */,
				F62AFCED269C2294003DB7B0 /* SceneDelegate.m */,
				F66113E5269D778C0058377B /* Views */,
				F62AFD02269C229F003DB7B0 /* VC */,
				F62AFD06269C2CAA003DB7B0 /* Model */,
				F62AFCF7269C2295003DB7B0 /* LaunchScreen.storyboard */,
				F62AFCFA269C2295003DB7B0 /* Info.plist */,
				F62AFCFB269C2295003DB7B0 /* main.m */,
				F62AFCF5269C2295003DB7B0 /* Assets.xcassets */,
			);
			path = objcPDF;
			sourceTree = "<group>";
		};
		F62AFD02269C229F003DB7B0 /* VC */ = {
			isa = PBXGroup;
			children = (
				F62AFCEF269C2294003DB7B0 /* EntryListVC.h */,
				F62AFCF0269C2294003DB7B0 /* EntryListVC.m */,
			);
			path = VC;
			sourceTree = "<group>";
		};
		F62AFD06269C2CAA003DB7B0 /* Model */ = {
			isa = PBXGroup;
			children = (
				F62AFD0A269C3AFA003DB7B0 /* DataFetcher.h */,
				F62AFD0B269C3AFA003DB7B0 /* DataFetcher.m */,
				F62AFD03269C2CA6003DB7B0 /* Entry.h */,
				F62AFD04269C2CA6003DB7B0 /* Entry.m */,
				F62AFD07269C2DCF003DB7B0 /* EntryNode.h */,
				F62AFD08269C2DCF003DB7B0 /* EntryNode.m */,
			);
			path = Model;
			sourceTree = "<group>";
		};
		F66113E5269D778C0058377B /* Views */ = {
			isa = PBXGroup;
			children = (
				F66113E2269D77820058377B /* TableViewCell.h */,
				F66113E3269D77820058377B /* TableViewCell.m */,
				F66113E6269D88C80058377B /* CollectionViewCell.h */,
				F66113E7269D88C80058377B /* CollectionViewCell.m */,
			);
			path = Views;
			sourceTree = "<group>";
		};
/* End PBXGroup section */

/* Begin PBXNativeTarget section */
		F62AFCE5269C2294003DB7B0 /* objcPDF */ = {
			isa = PBXNativeTarget;
			buildConfigurationList = F62AFCFF269C2295003DB7B0 /* Build configuration list for PBXNativeTarget "objcPDF" */;
			buildPhases = (
				9CB02C1EFF4B6EC2EC2E845C /* [CP] Check Pods Manifest.lock */,
				F62AFCE2269C2294003DB7B0 /* Sources */,
				F62AFCE3269C2294003DB7B0 /* Frameworks */,
				F62AFCE4269C2294003DB7B0 /* Resources */,
				139960CA186141F65B7839DE /* [CP] Embed Pods Frameworks */,
			);
			buildRules = (
			);
			dependencies = (
			);
			name = objcPDF;
			productName = objcPDF;
			productReference = F62AFCE6269C2294003DB7B0 /* objcPDF.app */;
			productType = "com.apple.product-type.application";
		};
/* End PBXNativeTarget section */

/* Begin PBXProject section */
		F62AFCDE269C2294003DB7B0 /* Project object */ = {
			isa = PBXProject;
			attributes = {
				LastUpgradeCheck = 1250;
				TargetAttributes = {
					F62AFCE5269C2294003DB7B0 = {
						CreatedOnToolsVersion = 12.5.1;
					};
				};
			};
			buildConfigurationList = F62AFCE1269C2294003DB7B0 /* Build configuration list for PBXProject "objcPDF" */;
			compatibilityVersion = "Xcode 9.3";
			developmentRegion = en;
			hasScannedForEncodings = 0;
			knownRegions = (
				en,
				Base,
			);
			mainGroup = F62AFCDD269C2294003DB7B0;
			productRefGroup = F62AFCE7269C2294003DB7B0 /* Products */;
			projectDirPath = "";
			projectRoot = "";
			targets = (
				F62AFCE5269C2294003DB7B0 /* objcPDF */,
			);
		};
/* End PBXProject section */

/* Begin PBXResourcesBuildPhase section */
		F62AFCE4269C2294003DB7B0 /* Resources */ = {
			isa = PBXResourcesBuildPhase;
			buildActionMask = 2147483647;
			files = (
				F62AFCF9269C2295003DB7B0 /* LaunchScreen.storyboard in Resources */,
				F62AFCF6269C2295003DB7B0 /* Assets.xcassets in Resources */,
			);
			runOnlyForDeploymentPostprocessing = 0;
		};
/* End PBXResourcesBuildPhase section */

/* Begin PBXShellScriptBuildPhase section */
		139960CA186141F65B7839DE /* [CP] Embed Pods Frameworks */ = {
			isa = PBXShellScriptBuildPhase;
			buildActionMask = 2147483647;
			files = (
			);
			inputFileListPaths = (
				"${PODS_ROOT}/Target Support Files/Pods-objcPDF/Pods-objcPDF-frameworks-${CONFIGURATION}-input-files.xcfilelist",
			);
			name = "[CP] Embed Pods Frameworks";
			outputFileListPaths = (
				"${PODS_ROOT}/Target Support Files/Pods-objcPDF/Pods-objcPDF-frameworks-${CONFIGURATION}-output-files.xcfilelist",
			);
			runOnlyForDeploymentPostprocessing = 0;
			shellPath = /bin/sh;
			shellScript = "\"${PODS_ROOT}/Target Support Files/Pods-objcPDF/Pods-objcPDF-frameworks.sh\"\n";
			showEnvVarsInLog = 0;
		};
		9CB02C1EFF4B6EC2EC2E845C /* [CP] Check Pods Manifest.lock */ = {
			isa = PBXShellScriptBuildPhase;
			buildActionMask = 2147483647;
			files = (
			);
			inputFileListPaths = (
			);
			inputPaths = (
				"${PODS_PODFILE_DIR_PATH}/Podfile.lock",
				"${PODS_ROOT}/Manifest.lock",
			);
			name = "[CP] Check Pods Manifest.lock";
			outputFileListPaths = (
			);
			outputPaths = (
				"$(DERIVED_FILE_DIR)/Pods-objcPDF-checkManifestLockResult.txt",
			);
			runOnlyForDeploymentPostprocessing = 0;
			shellPath = /bin/sh;
			shellScript = "diff \"${PODS_PODFILE_DIR_PATH}/Podfile.lock\" \"${PODS_ROOT}/Manifest.lock\" > /dev/null\nif [ $? != 0 ] ; then\n    # print error to STDERR\n    echo \"error: The sandbox is not in sync with the Podfile.lock. Run 'pod install' or update your CocoaPods installation.\" >&2\n    exit 1\nfi\n# This output is used by Xcode 'outputs' to avoid re-running this script phase.\necho \"SUCCESS\" > \"${SCRIPT_OUTPUT_FILE_0}\"\n";
			showEnvVarsInLog = 0;
		};
/* End PBXShellScriptBuildPhase section */

/* Begin PBXSourcesBuildPhase section */
		F62AFCE2269C2294003DB7B0 /* Sources */ = {
			isa = PBXSourcesBuildPhase;
			buildActionMask = 2147483647;
			files = (
				F62AFD09269C2DCF003DB7B0 /* EntryNode.m in Sources */,
				F62AFCF1269C2294003DB7B0 /* EntryListVC.m in Sources */,
				F62AFD05269C2CA6003DB7B0 /* Entry.m in Sources */,
				F66113E8269D88C80058377B /* CollectionViewCell.m in Sources */,
				F62AFCEB269C2294003DB7B0 /* AppDelegate.m in Sources */,
				F62AFD0C269C3AFA003DB7B0 /* DataFetcher.m in Sources */,
				F66113E4269D77820058377B /* TableViewCell.m in Sources */,
				F62AFCFC269C2295003DB7B0 /* main.m in Sources */,
				F62AFCEE269C2294003DB7B0 /* SceneDelegate.m in Sources */,
			);
			runOnlyForDeploymentPostprocessing = 0;
		};
/* End PBXSourcesBuildPhase section */

/* Begin PBXVariantGroup section */
		F62AFCF7269C2295003DB7B0 /* LaunchScreen.storyboard */ = {
			isa = PBXVariantGroup;
			children = (
				F62AFCF8269C2295003DB7B0 /* Base */,
			);
			name = LaunchScreen.storyboard;
			sourceTree = "<group>";
		};
/* End PBXVariantGroup section */

/* Begin XCBuildConfiguration section */
		F62AFCFD269C2295003DB7B0 /* Debug */ = {
			isa = XCBuildConfiguration;
			buildSettings = {
				ALWAYS_SEARCH_USER_PATHS = NO;
				CLANG_ANALYZER_NONNULL = YES;
				CLANG_ANALYZER_NUMBER_OBJECT_CONVERSION = YES_AGGRESSIVE;
				CLANG_CXX_LANGUAGE_STANDARD = "gnu++14";
				CLANG_CXX_LIBRARY = "libc++";
				CLANG_ENABLE_MODULES = YES;
				CLANG_ENABLE_OBJC_ARC = YES;
				CLANG_ENABLE_OBJC_WEAK = YES;
				CLANG_WARN_BLOCK_CAPTURE_AUTORELEASING = YES;
				CLANG_WARN_BOOL_CONVERSION = YES;
				CLANG_WARN_COMMA = YES;
				CLANG_WARN_CONSTANT_CONVERSION = YES;
				CLANG_WARN_DEPRECATED_OBJC_IMPLEMENTATIONS = YES;
				CLANG_WARN_DIRECT_OBJC_ISA_USAGE = YES_ERROR;
				CLANG_WARN_DOCUMENTATION_COMMENTS = YES;
				CLANG_WARN_EMPTY_BODY = YES;
				CLANG_WARN_ENUM_CONVERSION = YES;
				CLANG_WARN_INFINITE_RECURSION = YES;
				CLANG_WARN_INT_CONVERSION = YES;
				CLANG_WARN_NON_LITERAL_NULL_CONVERSION = YES;
				CLANG_WARN_OBJC_IMPLICIT_RETAIN_SELF = YES;
				CLANG_WARN_OBJC_LITERAL_CONVERSION = YES;
				CLANG_WARN_OBJC_ROOT_CLASS = YES_ERROR;
				CLANG_WARN_QUOTED_INCLUDE_IN_FRAMEWORK_HEADER = YES;
				CLANG_WARN_RANGE_LOOP_ANALYSIS = YES;
				CLANG_WARN_STRICT_PROTOTYPES = YES;
				CLANG_WARN_SUSPICIOUS_MOVE = YES;
				CLANG_WARN_UNGUARDED_AVAILABILITY = YES_AGGRESSIVE;
				CLANG_WARN_UNREACHABLE_CODE = YES;
				CLANG_WARN__DUPLICATE_METHOD_MATCH = YES;
				COPY_PHASE_STRIP = NO;
				DEBUG_INFORMATION_FORMAT = dwarf;
				ENABLE_STRICT_OBJC_MSGSEND = YES;
				ENABLE_TESTABILITY = YES;
				GCC_C_LANGUAGE_STANDARD = gnu11;
				GCC_DYNAMIC_NO_PIC = NO;
				GCC_NO_COMMON_BLOCKS = NO;
				GCC_OPTIMIZATION_LEVEL = 0;
				GCC_PREPROCESSOR_DEFINITIONS = (
					"DEBUG=1",
					"$(inherited)",
				);
				GCC_WARN_64_TO_32_BIT_CONVERSION = YES;
				GCC_WARN_ABOUT_RETURN_TYPE = YES_ERROR;
				GCC_WARN_UNDECLARED_SELECTOR = YES;
				GCC_WARN_UNINITIALIZED_AUTOS = YES_AGGRESSIVE;
				GCC_WARN_UNUSED_FUNCTION = YES;
				GCC_WARN_UNUSED_VARIABLE = YES;
				IPHONEOS_DEPLOYMENT_TARGET = 14.5;
				MTL_ENABLE_DEBUG_INFO = INCLUDE_SOURCE;
				MTL_FAST_MATH = YES;
				ONLY_ACTIVE_ARCH = YES;
				SDKROOT = iphoneos;
			};
			name = Debug;
		};
		F62AFCFE269C2295003DB7B0 /* Release */ = {
			isa = XCBuildConfiguration;
			buildSettings = {
				ALWAYS_SEARCH_USER_PATHS = NO;
				CLANG_ANALYZER_NONNULL = YES;
				CLANG_ANALYZER_NUMBER_OBJECT_CONVERSION = YES_AGGRESSIVE;
				CLANG_CXX_LANGUAGE_STANDARD = "gnu++14";
				CLANG_CXX_LIBRARY = "libc++";
				CLANG_ENABLE_MODULES = YES;
				CLANG_ENABLE_OBJC_ARC = YES;
				CLANG_ENABLE_OBJC_WEAK = YES;
				CLANG_WARN_BLOCK_CAPTURE_AUTORELEASING = YES;
				CLANG_WARN_BOOL_CONVERSION = YES;
				CLANG_WARN_COMMA = YES;
				CLANG_WARN_CONSTANT_CONVERSION = YES;
				CLANG_WARN_DEPRECATED_OBJC_IMPLEMENTATIONS = YES;
				CLANG_WARN_DIRECT_OBJC_ISA_USAGE = YES_ERROR;
				CLANG_WARN_DOCUMENTATION_COMMENTS = YES;
				CLANG_WARN_EMPTY_BODY = YES;
				CLANG_WARN_ENUM_CONVERSION = YES;
				CLANG_WARN_INFINITE_RECURSION = YES;
				CLANG_WARN_INT_CONVERSION = YES;
				CLANG_WARN_NON_LITERAL_NULL_CONVERSION = YES;
				CLANG_WARN_OBJC_IMPLICIT_RETAIN_SELF = YES;
				CLANG_WARN_OBJC_LITERAL_CONVERSION = YES;
				CLANG_WARN_OBJC_ROOT_CLASS = YES_ERROR;
				CLANG_WARN_QUOTED_INCLUDE_IN_FRAMEWORK_HEADER = YES;
				CLANG_WARN_RANGE_LOOP_ANALYSIS = YES;
				CLANG_WARN_STRICT_PROTOTYPES = YES;
				CLANG_WARN_SUSPICIOUS_MOVE = YES;
				CLANG_WARN_UNGUARDED_AVAILABILITY = YES_AGGRESSIVE;
				CLANG_WARN_UNREACHABLE_CODE = YES;
				CLANG_WARN__DUPLICATE_METHOD_MATCH = YES;
				COPY_PHASE_STRIP = NO;
				DEBUG_INFORMATION_FORMAT = "dwarf-with-dsym";
				ENABLE_NS_ASSERTIONS = NO;
				ENABLE_STRICT_OBJC_MSGSEND = YES;
				GCC_C_LANGUAGE_STANDARD = gnu11;
				GCC_NO_COMMON_BLOCKS = NO;
				GCC_WARN_64_TO_32_BIT_CONVERSION = YES;
				GCC_WARN_ABOUT_RETURN_TYPE = YES_ERROR;
				GCC_WARN_UNDECLARED_SELECTOR = YES;
				GCC_WARN_UNINITIALIZED_AUTOS = YES_AGGRESSIVE;
				GCC_WARN_UNUSED_FUNCTION = YES;
				GCC_WARN_UNUSED_VARIABLE = YES;
				IPHONEOS_DEPLOYMENT_TARGET = 14.5;
				MTL_ENABLE_DEBUG_INFO = NO;
				MTL_FAST_MATH = YES;
				SDKROOT = iphoneos;
				VALIDATE_PRODUCT = YES;
			};
			name = Release;
		};
		F62AFD00269C2295003DB7B0 /* Debug */ = {
			isa = XCBuildConfiguration;
			baseConfigurationReference = A1C86FBBE36F0FBFC5588722 /* Pods-objcPDF.debug.xcconfig */;
			buildSettings = {
				ASSETCATALOG_COMPILER_APPICON_NAME = AppIcon;
				ASSETCATALOG_COMPILER_GLOBAL_ACCENT_COLOR_NAME = AccentColor;
				CODE_SIGN_STYLE = Automatic;
				DEVELOPMENT_TEAM = S78TV7LBC7;
				INFOPLIST_FILE = objcPDF/Info.plist;
				LD_RUNPATH_SEARCH_PATHS = (
					"$(inherited)",
					"@executable_path/Frameworks",
				);
				PRODUCT_BUNDLE_IDENTIFIER = com.NazariyVysokinskyi.objcPDF;
				PRODUCT_NAME = "$(TARGET_NAME)";
				TARGETED_DEVICE_FAMILY = "1,2";
			};
			name = Debug;
		};
		F62AFD01269C2295003DB7B0 /* Release */ = {
			isa = XCBuildConfiguration;
			baseConfigurationReference = 6591B54AC26CEC8A0463FB6B /* Pods-objcPDF.release.xcconfig */;
			buildSettings = {
				ASSETCATALOG_COMPILER_APPICON_NAME = AppIcon;
				ASSETCATALOG_COMPILER_GLOBAL_ACCENT_COLOR_NAME = AccentColor;
				CODE_SIGN_STYLE = Automatic;
				DEVELOPMENT_TEAM = S78TV7LBC7;
				INFOPLIST_FILE = objcPDF/Info.plist;
				LD_RUNPATH_SEARCH_PATHS = (
					"$(inherited)",
					"@executable_path/Frameworks",
				);
				PRODUCT_BUNDLE_IDENTIFIER = com.NazariyVysokinskyi.objcPDF;
				PRODUCT_NAME = "$(TARGET_NAME)";
				TARGETED_DEVICE_FAMILY = "1,2";
			};
			name = Release;
		};
/* End XCBuildConfiguration section */

/* Begin XCConfigurationList section */
		F62AFCE1269C2294003DB7B0 /* Build configuration list for PBXProject "objcPDF" */ = {
			isa = XCConfigurationList;
			buildConfigurations = (
				F62AFCFD269C2295003DB7B0 /* Debug */,
				F62AFCFE269C2295003DB7B0 /* Release */,
			);
			defaultConfigurationIsVisible = 0;
			defaultConfigurationName = Release;
		};
		F62AFCFF269C2295003DB7B0 /* Build configuration list for PBXNativeTarget "objcPDF" */ = {
			isa = XCConfigurationList;
			buildConfigurations = (
				F62AFD00269C2295003DB7B0 /* Debug */,
				F62AFD01269C2295003DB7B0 /* Release */,
			);
			defaultConfigurationIsVisible = 0;
			defaultConfigurationName = Release;
		};
/* End XCConfigurationList section */
	};
	rootObject = F62AFCDE269C2294003DB7B0 /* Project object */;
}
